
Microsoft Visual Studio Solution File, Format Version 12.00
# Visual Studio Version 17
VisualStudioVersion = 17.0.32112.339
MinimumVisualStudioVersion = 10.0.40219.1
Project("{FAE04EC0-301F-11D3-BF4B-00C04F79EFBC}") = "CrashingStones2", "CrashingStones2\CrashingStones2.csproj", "{D09CAA50-0B10-4F84-A5C5-E16C98E696D9}"
EndProject
Global
	GlobalSection(SolutionConfigurationPlatforms) = preSolution
		Debug|Any CPU = Debug|Any CPU
		Release|Any CPU = Release|Any CPU
	EndGlobalSection
	GlobalSection(ProjectConfigurationPlatforms) = postSolution
		{D09CAA50-0B10-4F84-A5C5-E16C98E696D9}.Debug|Any CPU.ActiveCfg = Debug|Any CPU
		{D09CAA50-0B10-4F84-A5C5-E16C98E696D9}.Debug|Any CPU.Build.0 = Debug|Any CPU
		{D09CAA50-0B10-4F84-A5C5-E16C98E696D9}.Release|Any CPU.ActiveCfg = Release|Any CPU
		{D09CAA50-0B10-4F84-A5C5-E16C98E696D9}.Release|Any CPU.Build.0 = Release|Any CPU
	EndGlobalSection
	GlobalSection(SolutionProperties) = preSolution
		HideSolutionNode = FALSE
	EndGlobalSection
	GlobalSection(ExtensibilityGlobals) = postSolution
		SolutionGuid = {5C0E930B-AB3C-46E6-811F-946587746478}
	EndGlobalSection
EndGlobal
